{
  "requires": true,
  "lockfileVersion": 1,
  "dependencies": {
    "datatables.net": {
      "version": "1.10.23",
      "resolved": "https://registry.npmjs.org/datatables.net/-/datatables.net-1.10.23.tgz",
      "integrity": "sha512-we3tlNkzpxvgkKKlTxTMXPCt35untVXNg8zUYWpQyC1U5vJc+lT0+Zdc1ztK8d3lh5CfdnuFde2p8n3XwaGl3Q==",
      "requires": {
        "jquery": ">=1.7"
      }
    },
    "datatables.net-dt": {
      "version": "1.10.23",
      "resolved": "https://registry.npmjs.org/datatables.net-dt/-/datatables.net-dt-1.10.23.tgz",
      "integrity": "sha512-Iky6RAKXKv/cZ4mfQRyHHGOdD1GyV9YuvGQrPCl5qqh+ENqaWphOiWVW/vqDsgDaVjvLwLfeRNMbmnf3w9sRRg==",
      "requires": {
        "datatables.net": "1.10.23",
        "jquery": ">=1.7"
      }
    },
    "jquery": {
      "version": "3.5.1",
      "resolved": "https://registry.npmjs.org/jquery/-/jquery-3.5.1.tgz",
      "integrity": "sha512-XwIBPqcMn57FxfT+Go5pzySnm4KWkT1Tv7gjrpT1srtf8Weynl6R273VJ5GjkRb51IzMp5nbaPjJXMWeju2MKg=="
    },
    "sweetalert2": {
      "version": "10.14.1",
      "resolved": "https://registry.npmjs.org/sweetalert2/-/sweetalert2-10.14.1.tgz",
      "integrity": "sha512-DI0XsgWSvcMxf58m5FoME9UCPiI5MV+ms819+d5Xly6Z1HvQaQ4sASrcA915g+ow1lsYUnfQLtByqIiosEGd/Q=="
    }
  }
}
